# This file is automatically @generated by Cargo.
# It is not intended for manual editing.
version = 3

[[package]]
name = "common"
version = "0.1.0"

[[package]]
name = "day1-1"
version = "0.1.0"
dependencies = [
 "common",
]

[[package]]
name = "day1-2"
version = "0.1.0"
dependencies = [
 "common",
]

[[package]]
name = "day2-1"
version = "0.1.0"
dependencies = [
 "common",
]

[[package]]
name = "day2-2"
version = "0.1.0"
dependencies = [
 "common",
]

[[package]]
name = "day3-1"
version = "0.1.0"
dependencies = [
 "common",
]

[[package]]
name = "day3-2"
version = "0.1.0"
dependencies = [
 "common",
]

[[package]]
name = "day4-1"
version = "0.1.0"
dependencies = [
 "common",
]

[[package]]
name = "day4-2"
version = "0.1.0"
dependencies = [
 "common",
]
